<?xml version="1.0" encoding="utf-8"?>
<Project ToolsVersion="4.0" xmlns="http://schemas.microsoft.com/developer/msbuild/2003">
  <ItemGroup>
    <ClCompile Include="..\..\src\basset.cpp" />
    <ClCompile Include="..\..\src\bbook.cpp" />
    <ClCompile Include="..\..\src\bcanvas.cpp" />
    <ClCompile Include="..\..\src\bcontent.cpp" />
    <ClCompile Include="..\..\src\bcontext.cpp" />
    <ClCompile Include="..\..\src\bpage.cpp" />
  </ItemGroup>
  <ItemGroup>
    <ClInclude Include="..\..\src\basset.h" />
    <ClInclude Include="..\..\src\bbook.h" />
    <ClInclude Include="..\..\src\bcanvas.h" />
    <ClInclude Include="..\..\src\bcontent.h" />
    <ClInclude Include="..\..\src\bcontext.h" />
    <ClInclude Include="..\..\src\bpage.h" />
  </ItemGroup>
</Project>